// !$*UTF8*$!
{
	archiveVersion = 1;
	classes = {
	};
	objectVersion = 56;
	objects = {

/* Begin PBXBuildFile section */
		8D4684872946164D00B751AC /* DateFormatter.swift in Sources */ = {isa = PBXBuildFile; fileRef = 8D4684862946164D00B751AC /* DateFormatter.swift */; };
		8D66C6702941CF8C00B37756 /* PlayerView.swift in Sources */ = {isa = PBXBuildFile; fileRef = 8D66C66F2941CF8C00B37756 /* PlayerView.swift */; };
		8D66C6722941D4AD00B37756 /* PlayerControlButton.swift in Sources */ = {isa = PBXBuildFile; fileRef = 8D66C6712941D4AD00B37756 /* PlayerControlButton.swift */; };
		8D8A7F4C2941BC960072A582 /* Mi_shaApp.swift in Sources */ = {isa = PBXBuildFile; fileRef = 8D8A7F4B2941BC960072A582 /* Mi_shaApp.swift */; };
		8D8A7F4E2941BC960072A582 /* HomeView.swift in Sources */ = {isa = PBXBuildFile; fileRef = 8D8A7F4D2941BC960072A582 /* HomeView.swift */; };
		8D8A7F502941BC970072A582 /* Assets.xcassets in Resources */ = {isa = PBXBuildFile; fileRef = 8D8A7F4F2941BC970072A582 /* Assets.xcassets */; };
		8D8A7F532941BC970072A582 /* Preview Assets.xcassets in Resources */ = {isa = PBXBuildFile; fileRef = 8D8A7F522941BC970072A582 /* Preview Assets.xcassets */; };
		8D8A7F5A2941BE180072A582 /* AudioView.swift in Sources */ = {isa = PBXBuildFile; fileRef = 8D8A7F592941BE180072A582 /* AudioView.swift */; };
		8D8A7F5C2941C0640072A582 /* AudioModel.swift in Sources */ = {isa = PBXBuildFile; fileRef = 8D8A7F5B2941C0640072A582 /* AudioModel.swift */; };
		8D8A7F5E2941C15E0072A582 /* AudioViewModel.swift in Sources */ = {isa = PBXBuildFile; fileRef = 8D8A7F5D2941C15E0072A582 /* AudioViewModel.swift */; };
		8D8A7F612941C1FD0072A582 /* PreviewProvider.swift in Sources */ = {isa = PBXBuildFile; fileRef = 8D8A7F602941C1FD0072A582 /* PreviewProvider.swift */; };
		8D8A7F662941C6D70072A582 /* CardView.swift in Sources */ = {isa = PBXBuildFile; fileRef = 8D8A7F652941C6D70072A582 /* CardView.swift */; };
		8DEB19A029473A7A00BAF218 /* AudioManager.swift in Sources */ = {isa = PBXBuildFile; fileRef = 8DEB199F29473A7A00BAF218 /* AudioManager.swift */; };
		8DEB19A22947419E00BAF218 /* 1.mp3 in Resources */ = {isa = PBXBuildFile; fileRef = 8DEB19A12947419E00BAF218 /* 1.mp3 */; };
		8DEB19A5294760C200BAF218 /* Color.swift in Sources */ = {isa = PBXBuildFile; fileRef = 8DEB19A4294760C200BAF218 /* Color.swift */; };
		8DEB19A829477AA600BAF218 /* SettingsView.swift in Sources */ = {isa = PBXBuildFile; fileRef = 8DEB19A729477AA600BAF218 /* SettingsView.swift */; };
		8DEB19AD29477B9300BAF218 /* XmarkButton.swift in Sources */ = {isa = PBXBuildFile; fileRef = 8DEB19AC29477B9300BAF218 /* XmarkButton.swift */; };
		8DEB19AF2947941500BAF218 /* carouselView.swift in Sources */ = {isa = PBXBuildFile; fileRef = 8DEB19AE2947941500BAF218 /* carouselView.swift */; };
/* End PBXBuildFile section */

/* Begin PBXFileReference section */
		8D4684862946164D00B751AC /* DateFormatter.swift */ = {isa = PBXFileReference; lastKnownFileType = sourcecode.swift; path = DateFormatter.swift; sourceTree = "<group>"; };
		8D66C66F2941CF8C00B37756 /* PlayerView.swift */ = {isa = PBXFileReference; lastKnownFileType = sourcecode.swift; path = PlayerView.swift; sourceTree = "<group>"; };
		8D66C6712941D4AD00B37756 /* PlayerControlButton.swift */ = {isa = PBXFileReference; lastKnownFileType = sourcecode.swift; path = PlayerControlButton.swift; sourceTree = "<group>"; };
		8D8A7F482941BC960072A582 /* Mi-sha.app */ = {isa = PBXFileReference; explicitFileType = wrapper.application; includeInIndex = 0; path = "Mi-sha.app"; sourceTree = BUILT_PRODUCTS_DIR; };
		8D8A7F4B2941BC960072A582 /* Mi_shaApp.swift */ = {isa = PBXFileReference; lastKnownFileType = sourcecode.swift; path = Mi_shaApp.swift; sourceTree = "<group>"; };
		8D8A7F4D2941BC960072A582 /* HomeView.swift */ = {isa = PBXFileReference; lastKnownFileType = sourcecode.swift; path = HomeView.swift; sourceTree = "<group>"; };
		8D8A7F4F2941BC970072A582 /* Assets.xcassets */ = {isa = PBXFileReference; lastKnownFileType = folder.assetcatalog; path = Assets.xcassets; sourceTree = "<group>"; };
		8D8A7F522941BC970072A582 /* Preview Assets.xcassets */ = {isa = PBXFileReference; lastKnownFileType = folder.assetcatalog; path = "Preview Assets.xcassets"; sourceTree = "<group>"; };
		8D8A7F592941BE180072A582 /* AudioView.swift */ = {isa = PBXFileReference; lastKnownFileType = sourcecode.swift; path = AudioView.swift; sourceTree = "<group>"; };
		8D8A7F5B2941C0640072A582 /* AudioModel.swift */ = {isa = PBXFileReference; lastKnownFileType = sourcecode.swift; path = AudioModel.swift; sourceTree = "<group>"; };
		8D8A7F5D2941C15E0072A582 /* AudioViewModel.swift */ = {isa = PBXFileReference; lastKnownFileType = sourcecode.swift; path = AudioViewModel.swift; sourceTree = "<group>"; };
		8D8A7F602941C1FD0072A582 /* PreviewProvider.swift */ = {isa = PBXFileReference; lastKnownFileType = sourcecode.swift; path = PreviewProvider.swift; sourceTree = "<group>"; };
		8D8A7F652941C6D70072A582 /* CardView.swift */ = {isa = PBXFileReference; lastKnownFileType = sourcecode.swift; path = CardView.swift; sourceTree = "<group>"; };
		8DEB199F29473A7A00BAF218 /* AudioManager.swift */ = {isa = PBXFileReference; lastKnownFileType = sourcecode.swift; path = AudioManager.swift; sourceTree = "<group>"; };
		8DEB19A12947419E00BAF218 /* 1.mp3 */ = {isa = PBXFileReference; lastKnownFileType = audio.mp3; name = 1.mp3; path = Assets.xcassets/1.mp3; sourceTree = "<group>"; };
		8DEB19A32947421C00BAF218 /* Info.plist */ = {isa = PBXFileReference; lastKnownFileType = text.plist; path = Info.plist; sourceTree = "<group>"; };
		8DEB19A4294760C200BAF218 /* Color.swift */ = {isa = PBXFileReference; lastKnownFileType = sourcecode.swift; path = Color.swift; sourceTree = "<group>"; };
		8DEB19A729477AA600BAF218 /* SettingsView.swift */ = {isa = PBXFileReference; lastKnownFileType = sourcecode.swift; path = SettingsView.swift; sourceTree = "<group>"; };
		8DEB19AC29477B9300BAF218 /* XmarkButton.swift */ = {isa = PBXFileReference; lastKnownFileType = sourcecode.swift; path = XmarkButton.swift; sourceTree = "<group>"; };
		8DEB19AE2947941500BAF218 /* carouselView.swift */ = {isa = PBXFileReference; lastKnownFileType = sourcecode.swift; path = carouselView.swift; sourceTree = "<group>"; };
/* End PBXFileReference section */

/* Begin PBXFrameworksBuildPhase section */
		8D8A7F452941BC960072A582 /* Frameworks */ = {
			isa = PBXFrameworksBuildPhase;
			buildActionMask = 2147483647;
			files = (
			);
			runOnlyForDeploymentPostprocessing = 0;
		};
/* End PBXFrameworksBuildPhase section */

/* Begin PBXGroup section */
		8D4684852946125900B751AC /* AudioCard */ = {
			isa = PBXGroup;
			children = (
				8D8A7F592941BE180072A582 /* AudioView.swift */,
				8D8A7F5D2941C15E0072A582 /* AudioViewModel.swift */,
			);
			path = AudioCard;
			sourceTree = "<group>";
		};
		8D66C66E2941CF8100B37756 /* Player */ = {
			isa = PBXGroup;
			children = (
				8D66C66F2941CF8C00B37756 /* PlayerView.swift */,
			);
			path = Player;
			sourceTree = "<group>";
		};
		8D8A7F3F2941BC960072A582 = {
			isa = PBXGroup;
			children = (
				8D8A7F4A2941BC960072A582 /* Mi-sha */,
				8D8A7F492941BC960072A582 /* Products */,
			);
			sourceTree = "<group>";
		};
		8D8A7F492941BC960072A582 /* Products */ = {
			isa = PBXGroup;
			children = (
				8D8A7F482941BC960072A582 /* Mi-sha.app */,
			);
			name = Products;
			sourceTree = "<group>";
		};
		8D8A7F4A2941BC960072A582 /* Mi-sha */ = {
			isa = PBXGroup;
			children = (
				8DEB19A32947421C00BAF218 /* Info.plist */,
				8D8A7F4B2941BC960072A582 /* Mi_shaApp.swift */,
				8DEB199E29473A6700BAF218 /* Utilities */,
				8D8A7F5F2941C1DE0072A582 /* Extensions */,
				8DEB19AA29477AC500BAF218 /* Models */,
				8DEB19A629477A7F00BAF218 /* Core */,
				8D8A7F642941C6C60072A582 /* Components */,
				8D8A7F4F2941BC970072A582 /* Assets.xcassets */,
				8DEB19A12947419E00BAF218 /* 1.mp3 */,
				8D8A7F512941BC970072A582 /* Preview Content */,
			);
			path = "Mi-sha";
			sourceTree = "<group>";
		};
		8D8A7F512941BC970072A582 /* Preview Content */ = {
			isa = PBXGroup;
			children = (
				8D8A7F522941BC970072A582 /* Preview Assets.xcassets */,
			);
			path = "Preview Content";
			sourceTree = "<group>";
		};
		8D8A7F5F2941C1DE0072A582 /* Extensions */ = {
			isa = PBXGroup;
			children = (
				8D8A7F602941C1FD0072A582 /* PreviewProvider.swift */,
				8DEB19A4294760C200BAF218 /* Color.swift */,
				8D4684862946164D00B751AC /* DateFormatter.swift */,
			);
			path = Extensions;
			sourceTree = "<group>";
		};
		8D8A7F642941C6C60072A582 /* Components */ = {
			isa = PBXGroup;
			children = (
				8D8A7F652941C6D70072A582 /* CardView.swift */,
				8D66C6712941D4AD00B37756 /* PlayerControlButton.swift */,
				8DEB19AC29477B9300BAF218 /* XmarkButton.swift */,
				8DEB19AE2947941500BAF218 /* carouselView.swift */,
			);
			path = Components;
			sourceTree = "<group>";
		};
		8DEB199E29473A6700BAF218 /* Utilities */ = {
			isa = PBXGroup;
			children = (
				8DEB199F29473A7A00BAF218 /* AudioManager.swift */,
			);
			path = Utilities;
			sourceTree = "<group>";
		};
		8DEB19A629477A7F00BAF218 /* Core */ = {
			isa = PBXGroup;
			children = (
				8DEB19AB29477AED00BAF218 /* HomeScreen */,
				8D4684852946125900B751AC /* AudioCard */,
				8D66C66E2941CF8100B37756 /* Player */,
				8DEB19A929477AAC00BAF218 /* Settings */,
			);
			path = Core;
			sourceTree = "<group>";
		};
		8DEB19A929477AAC00BAF218 /* Settings */ = {
			isa = PBXGroup;
			children = (
				8DEB19A729477AA600BAF218 /* SettingsView.swift */,
			);
			path = Settings;
			sourceTree = "<group>";
		};
		8DEB19AA29477AC500BAF218 /* Models */ = {
			isa = PBXGroup;
			children = (
				8D8A7F5B2941C0640072A582 /* AudioModel.swift */,
			);
			path = Models;
			sourceTree = "<group>";
		};
		8DEB19AB29477AED00BAF218 /* HomeScreen */ = {
			isa = PBXGroup;
			children = (
				8D8A7F4D2941BC960072A582 /* HomeView.swift */,
			);
			path = HomeScreen;
			sourceTree = "<group>";
		};
/* End PBXGroup section */

/* Begin PBXNativeTarget section */
		8D8A7F472941BC960072A582 /* Mi-sha */ = {
			isa = PBXNativeTarget;
			buildConfigurationList = 8D8A7F562941BC970072A582 /* Build configuration list for PBXNativeTarget "Mi-sha" */;
			buildPhases = (
				8D8A7F442941BC960072A582 /* Sources */,
				8D8A7F452941BC960072A582 /* Frameworks */,
				8D8A7F462941BC960072A582 /* Resources */,
			);
			buildRules = (
			);
			dependencies = (
			);
			name = "Mi-sha";
			productName = "Mi-sha";
			productReference = 8D8A7F482941BC960072A582 /* Mi-sha.app */;
			productType = "com.apple.product-type.application";
		};
/* End PBXNativeTarget section */

/* Begin PBXProject section */
		8D8A7F402941BC960072A582 /* Project object */ = {
			isa = PBXProject;
			attributes = {
				BuildIndependentTargetsInParallel = 1;
				LastSwiftUpdateCheck = 1400;
				LastUpgradeCheck = 1400;
				TargetAttributes = {
					8D8A7F472941BC960072A582 = {
						CreatedOnToolsVersion = 14.0;
					};
				};
			};
			buildConfigurationList = 8D8A7F432941BC960072A582 /* Build configuration list for PBXProject "Mi-sha" */;
			compatibilityVersion = "Xcode 14.0";
			developmentRegion = en;
			hasScannedForEncodings = 0;
			knownRegions = (
				en,
				Base,
			);
			mainGroup = 8D8A7F3F2941BC960072A582;
			productRefGroup = 8D8A7F492941BC960072A582 /* Products */;
			projectDirPath = "";
			projectRoot = "";
			targets = (
				8D8A7F472941BC960072A582 /* Mi-sha */,
			);
		};
/* End PBXProject section */

/* Begin PBXResourcesBuildPhase section */
		8D8A7F462941BC960072A582 /* Resources */ = {
			isa = PBXResourcesBuildPhase;
			buildActionMask = 2147483647;
			files = (
				8DEB19A22947419E00BAF218 /* 1.mp3 in Resources */,
				8D8A7F532941BC970072A582 /* Preview Assets.xcassets in Resources */,
				8D8A7F502941BC970072A582 /* Assets.xcassets in Resources */,
			);
			runOnlyForDeploymentPostprocessing = 0;
		};
/* End PBXResourcesBuildPhase section */

/* Begin PBXSourcesBuildPhase section */
		8D8A7F442941BC960072A582 /* Sources */ = {
			isa = PBXSourcesBuildPhase;
			buildActionMask = 2147483647;
			files = (
				8D8A7F4E2941BC960072A582 /* HomeView.swift in Sources */,
				8D8A7F5A2941BE180072A582 /* AudioView.swift in Sources */,
				8DEB19A829477AA600BAF218 /* SettingsView.swift in Sources */,
				8D8A7F4C2941BC960072A582 /* Mi_shaApp.swift in Sources */,
				8D66C6702941CF8C00B37756 /* PlayerView.swift in Sources */,
				8D4684872946164D00B751AC /* DateFormatter.swift in Sources */,
				8DEB19A5294760C200BAF218 /* Color.swift in Sources */,
				8DEB19A029473A7A00BAF218 /* AudioManager.swift in Sources */,
				8D8A7F5C2941C0640072A582 /* AudioModel.swift in Sources */,
				8DEB19AD29477B9300BAF218 /* XmarkButton.swift in Sources */,
				8DEB19AF2947941500BAF218 /* carouselView.swift in Sources */,
				8D66C6722941D4AD00B37756 /* PlayerControlButton.swift in Sources */,
				8D8A7F5E2941C15E0072A582 /* AudioViewModel.swift in Sources */,
				8D8A7F662941C6D70072A582 /* CardView.swift in Sources */,
				8D8A7F612941C1FD0072A582 /* PreviewProvider.swift in Sources */,
			);
			runOnlyForDeploymentPostprocessing = 0;
		};
/* End PBXSourcesBuildPhase section */

/* Begin XCBuildConfiguration section */
		8D8A7F542941BC970072A582 /* Debug */ = {
			isa = XCBuildConfiguration;
			buildSettings = {
				ALWAYS_SEARCH_USER_PATHS = NO;
				CLANG_ANALYZER_NONNULL = YES;
				CLANG_ANALYZER_NUMBER_OBJECT_CONVERSION = YES_AGGRESSIVE;
				CLANG_CXX_LANGUAGE_STANDARD = "gnu++20";
				CLANG_ENABLE_MODULES = YES;
				CLANG_ENABLE_OBJC_ARC = YES;
				CLANG_ENABLE_OBJC_WEAK = YES;
				CLANG_WARN_BLOCK_CAPTURE_AUTORELEASING = YES;
				CLANG_WARN_BOOL_CONVERSION = YES;
				CLANG_WARN_COMMA = YES;
				CLANG_WARN_CONSTANT_CONVERSION = YES;
				CLANG_WARN_DEPRECATED_OBJC_IMPLEMENTATIONS = YES;
				CLANG_WARN_DIRECT_OBJC_ISA_USAGE = YES_ERROR;
				CLANG_WARN_DOCUMENTATION_COMMENTS = YES;
				CLANG_WARN_EMPTY_BODY = YES;
				CLANG_WARN_ENUM_CONVERSION = YES;
				CLANG_WARN_INFINITE_RECURSION = YES;
				CLANG_WARN_INT_CONVERSION = YES;
				CLANG_WARN_NON_LITERAL_NULL_CONVERSION = YES;
				CLANG_WARN_OBJC_IMPLICIT_RETAIN_SELF = YES;
				CLANG_WARN_OBJC_LITERAL_CONVERSION = YES;
				CLANG_WARN_OBJC_ROOT_CLASS = YES_ERROR;
				CLANG_WARN_QUOTED_INCLUDE_IN_FRAMEWORK_HEADER = YES;
				CLANG_WARN_RANGE_LOOP_ANALYSIS = YES;
				CLANG_WARN_STRICT_PROTOTYPES = YES;
				CLANG_WARN_SUSPICIOUS_MOVE = YES;
				CLANG_WARN_UNGUARDED_AVAILABILITY = YES_AGGRESSIVE;
				CLANG_WARN_UNREACHABLE_CODE = YES;
				CLANG_WARN__DUPLICATE_METHOD_MATCH = YES;
				COPY_PHASE_STRIP = NO;
				DEBUG_INFORMATION_FORMAT = dwarf;
				ENABLE_STRICT_OBJC_MSGSEND = YES;
				ENABLE_TESTABILITY = YES;
				GCC_C_LANGUAGE_STANDARD = gnu11;
				GCC_DYNAMIC_NO_PIC = NO;
				GCC_NO_COMMON_BLOCKS = YES;
				GCC_OPTIMIZATION_LEVEL = 0;
				GCC_PREPROCESSOR_DEFINITIONS = (
					"DEBUG=1",
					"$(inherited)",
				);
				GCC_WARN_64_TO_32_BIT_CONVERSION = YES;
				GCC_WARN_ABOUT_RETURN_TYPE = YES_ERROR;
				GCC_WARN_UNDECLARED_SELECTOR = YES;
				GCC_WARN_UNINITIALIZED_AUTOS = YES_AGGRESSIVE;
				GCC_WARN_UNUSED_FUNCTION = YES;
				GCC_WARN_UNUSED_VARIABLE = YES;
				IPHONEOS_DEPLOYMENT_TARGET = 16.0;
				MTL_ENABLE_DEBUG_INFO = INCLUDE_SOURCE;
				MTL_FAST_MATH = YES;
				ONLY_ACTIVE_ARCH = YES;
				SDKROOT = iphoneos;
				SWIFT_ACTIVE_COMPILATION_CONDITIONS = DEBUG;
				SWIFT_OPTIMIZATION_LEVEL = "-Onone";
			};
			name = Debug;
		};
		8D8A7F552941BC970072A582 /* Release */ = {
			isa = XCBuildConfiguration;
			buildSettings = {
				ALWAYS_SEARCH_USER_PATHS = NO;
				CLANG_ANALYZER_NONNULL = YES;
				CLANG_ANALYZER_NUMBER_OBJECT_CONVERSION = YES_AGGRESSIVE;
				CLANG_CXX_LANGUAGE_STANDARD = "gnu++20";
				CLANG_ENABLE_MODULES = YES;
				CLANG_ENABLE_OBJC_ARC = YES;
				CLANG_ENABLE_OBJC_WEAK = YES;
				CLANG_WARN_BLOCK_CAPTURE_AUTORELEASING = YES;
				CLANG_WARN_BOOL_CONVERSION = YES;
				CLANG_WARN_COMMA = YES;
				CLANG_WARN_CONSTANT_CONVERSION = YES;
				CLANG_WARN_DEPRECATED_OBJC_IMPLEMENTATIONS = YES;
				CLANG_WARN_DIRECT_OBJC_ISA_USAGE = YES_ERROR;
				CLANG_WARN_DOCUMENTATION_COMMENTS = YES;
				CLANG_WARN_EMPTY_BODY = YES;
				CLANG_WARN_ENUM_CONVERSION = YES;
				CLANG_WARN_INFINITE_RECURSION = YES;
				CLANG_WARN_INT_CONVERSION = YES;
				CLANG_WARN_NON_LITERAL_NULL_CONVERSION = YES;
				CLANG_WARN_OBJC_IMPLICIT_RETAIN_SELF = YES;
				CLANG_WARN_OBJC_LITERAL_CONVERSION = YES;
				CLANG_WARN_OBJC_ROOT_CLASS = YES_ERROR;
				CLANG_WARN_QUOTED_INCLUDE_IN_FRAMEWORK_HEADER = YES;
				CLANG_WARN_RANGE_LOOP_ANALYSIS = YES;
				CLANG_WARN_STRICT_PROTOTYPES = YES;
				CLANG_WARN_SUSPICIOUS_MOVE = YES;
				CLANG_WARN_UNGUARDED_AVAILABILITY = YES_AGGRESSIVE;
				CLANG_WARN_UNREACHABLE_CODE = YES;
				CLANG_WARN__DUPLICATE_METHOD_MATCH = YES;
				COPY_PHASE_STRIP = NO;
				DEBUG_INFORMATION_FORMAT = "dwarf-with-dsym";
				ENABLE_NS_ASSERTIONS = NO;
				ENABLE_STRICT_OBJC_MSGSEND = YES;
				GCC_C_LANGUAGE_STANDARD = gnu11;
				GCC_NO_COMMON_BLOCKS = YES;
				GCC_WARN_64_TO_32_BIT_CONVERSION = YES;
				GCC_WARN_ABOUT_RETURN_TYPE = YES_ERROR;
				GCC_WARN_UNDECLARED_SELECTOR = YES;
				GCC_WARN_UNINITIALIZED_AUTOS = YES_AGGRESSIVE;
				GCC_WARN_UNUSED_FUNCTION = YES;
				GCC_WARN_UNUSED_VARIABLE = YES;
				IPHONEOS_DEPLOYMENT_TARGET = 16.0;
				MTL_ENABLE_DEBUG_INFO = NO;
				MTL_FAST_MATH = YES;
				SDKROOT = iphoneos;
				SWIFT_COMPILATION_MODE = wholemodule;
				SWIFT_OPTIMIZATION_LEVEL = "-O";
				VALIDATE_PRODUCT = YES;
			};
			name = Release;
		};
		8D8A7F572941BC970072A582 /* Debug */ = {
			isa = XCBuildConfiguration;
			buildSettings = {
				ASSETCATALOG_COMPILER_APPICON_NAME = AppIcon;
				ASSETCATALOG_COMPILER_GLOBAL_ACCENT_COLOR_NAME = AccentColor;
				CODE_SIGN_STYLE = Automatic;
				CURRENT_PROJECT_VERSION = 1;
				DEVELOPMENT_ASSET_PATHS = "\"Mi-sha/Preview Content\"";
				DEVELOPMENT_TEAM = 79GHQ256TM;
				ENABLE_PREVIEWS = YES;
				GENERATE_INFOPLIST_FILE = YES;
				INFOPLIST_FILE = "Mi-sha/Info.plist";
				INFOPLIST_KEY_UIApplicationSceneManifest_Generation = YES;
				INFOPLIST_KEY_UIApplicationSupportsIndirectInputEvents = YES;
				INFOPLIST_KEY_UILaunchScreen_Generation = YES;
				INFOPLIST_KEY_UISupportedInterfaceOrientations_iPad = "UIInterfaceOrientationPortrait UIInterfaceOrientationPortraitUpsideDown UIInterfaceOrientationLandscapeLeft UIInterfaceOrientationLandscapeRight";
				INFOPLIST_KEY_UISupportedInterfaceOrientations_iPhone = "UIInterfaceOrientationPortrait UIInterfaceOrientationLandscapeLeft UIInterfaceOrientationLandscapeRight";
				IPHONEOS_DEPLOYMENT_TARGET = 15.0;
				LD_RUNPATH_SEARCH_PATHS = (
					"$(inherited)",
					"@executable_path/Frameworks",
				);
				MARKETING_VERSION = 1.0;
				PRODUCT_BUNDLE_IDENTIFIER = "com.manev.mikhail.Mi-sha";
				PRODUCT_NAME = "$(TARGET_NAME)";
				SWIFT_EMIT_LOC_STRINGS = YES;
				SWIFT_VERSION = 5.0;
				TARGETED_DEVICE_FAMILY = "1,2";
			};
			name = Debug;
		};
		8D8A7F582941BC970072A582 /* Release */ = {
			isa = XCBuildConfiguration;
			buildSettings = {
				ASSETCATALOG_COMPILER_APPICON_NAME = AppIcon;
				ASSETCATALOG_COMPILER_GLOBAL_ACCENT_COLOR_NAME = AccentColor;
				CODE_SIGN_STYLE = Automatic;
				CURRENT_PROJECT_VERSION = 1;
				DEVELOPMENT_ASSET_PATHS = "\"Mi-sha/Preview Content\"";
				DEVELOPMENT_TEAM = 79GHQ256TM;
				ENABLE_PREVIEWS = YES;
				GENERATE_INFOPLIST_FILE = YES;
				INFOPLIST_FILE = "Mi-sha/Info.plist";
				INFOPLIST_KEY_UIApplicationSceneManifest_Generation = YES;
				INFOPLIST_KEY_UIApplicationSupportsIndirectInputEvents = YES;
				INFOPLIST_KEY_UILaunchScreen_Generation = YES;
				INFOPLIST_KEY_UISupportedInterfaceOrientations_iPad = "UIInterfaceOrientationPortrait UIInterfaceOrientationPortraitUpsideDown UIInterfaceOrientationLandscapeLeft UIInterfaceOrientationLandscapeRight";
				INFOPLIST_KEY_UISupportedInterfaceOrientations_iPhone = "UIInterfaceOrientationPortrait UIInterfaceOrientationLandscapeLeft UIInterfaceOrientationLandscapeRight";
				IPHONEOS_DEPLOYMENT_TARGET = 15.0;
				LD_RUNPATH_SEARCH_PATHS = (
					"$(inherited)",
					"@executable_path/Frameworks",
				);
				MARKETING_VERSION = 1.0;
				PRODUCT_BUNDLE_IDENTIFIER = "com.manev.mikhail.Mi-sha";
				PRODUCT_NAME = "$(TARGET_NAME)";
				SWIFT_EMIT_LOC_STRINGS = YES;
				SWIFT_VERSION = 5.0;
				TARGETED_DEVICE_FAMILY = "1,2";
			};
			name = Release;
		};
/* End XCBuildConfiguration section */

/* Begin XCConfigurationList section */
		8D8A7F432941BC960072A582 /* Build configuration list for PBXProject "Mi-sha" */ = {
			isa = XCConfigurationList;
			buildConfigurations = (
				8D8A7F542941BC970072A582 /* Debug */,
				8D8A7F552941BC970072A582 /* Release */,
			);
			defaultConfigurationIsVisible = 0;
			defaultConfigurationName = Release;
		};
		8D8A7F562941BC970072A582 /* Build configuration list for PBXNativeTarget "Mi-sha" */ = {
			isa = XCConfigurationList;
			buildConfigurations = (
				8D8A7F572941BC970072A582 /* Debug */,
				8D8A7F582941BC970072A582 /* Release */,
			);
			defaultConfigurationIsVisible = 0;
			defaultConfigurationName = Release;
		};
/* End XCConfigurationList section */
	};
	rootObject = 8D8A7F402941BC960072A582 /* Project object */;
}
